{
  "requires": true,
  "lockfileVersion": 1,
  "dependencies": {
    "datepickerx": {
      "version": "1.0.7",
      "resolved": "https://registry.npmjs.org/datepickerx/-/datepickerx-1.0.7.tgz",
      "integrity": "sha512-tMVYa+MwOoOxULagfo/HjbrZLMrrMw3zYBC3hm/TtFYSfraqe+qSDUIWf1G6/uQGr9luyjYKU71VXx0oIWI2zw=="
    }
  }
}
